
Microsoft Visual Studio Solution File, Format Version 12.00
# Visual Studio Version 17
VisualStudioVersion = 17.14.36518.9 d17.14
MinimumVisualStudioVersion = 10.0.40219.1
Project("{FAE04EC0-301F-11D3-BF4B-00C04F79EFBC}") = "StudentSystem", "StudentSystem\StudentSystem.csproj", "{FAE3E32F-F981-4FAE-898F-F2528BD6E8A3}"
EndProject
Global
	GlobalSection(SolutionConfigurationPlatforms) = preSolution
		Debug|Any CPU = Debug|Any CPU
		Release|Any CPU = Release|Any CPU
	EndGlobalSection
	GlobalSection(ProjectConfigurationPlatforms) = postSolution
		{FAE3E32F-F981-4FAE-898F-F2528BD6E8A3}.Debug|Any CPU.ActiveCfg = Debug|Any CPU
		{FAE3E32F-F981-4FAE-898F-F2528BD6E8A3}.Debug|Any CPU.Build.0 = Debug|Any CPU
		{FAE3E32F-F981-4FAE-898F-F2528BD6E8A3}.Release|Any CPU.ActiveCfg = Release|Any CPU
		{FAE3E32F-F981-4FAE-898F-F2528BD6E8A3}.Release|Any CPU.Build.0 = Release|Any CPU
	EndGlobalSection
	GlobalSection(SolutionProperties) = preSolution
		HideSolutionNode = FALSE
	EndGlobalSection
	GlobalSection(ExtensibilityGlobals) = postSolution
		SolutionGuid = {52E123DF-0540-4A69-BE3B-AEFD3F5C65E5}
	EndGlobalSection
EndGlobal
